flow-monitoring dc46c984131da3d332291b4c88b3059d95a6d45cd0de62885185f74df8938e58 84
scheduler a1b7faff1f576348d86c0937a35137b9bfaeacd4519bfaa81f9428e4da85befd 96
ros-gis-integration b93f766833f619c8513a681e3ce6447884e709eafb5deb4004e4522678b1c84d 67
bff-water-planning d7b3ae0e24d650757912db007a45b75bf66465b3917758e4682024d2f20d8c35 81
