flow-monitoring 35fdd0d8750a5caa88ce1410b3aedd6df3be76e5c352a5747997440a927cfca1 84
scheduler eabec0233422e1d971c718e1b06686f212c979342987769a10092a1a815e5306 96
ros-gis-integration ca93111a34e7ccf4a001550db4d1ac7a53cabed08b8fb412da2e5592e9045df1 67
bff-water-planning 9e9571836b985a2ef0b9200a5a4b2ef73fb6d06fafdf60df6b3a8f8283b88fad 81
